
Microsoft Visual Studio Solution File, Format Version 12.00
# Visual Studio Version 17
VisualStudioVersion = 17.3.32922.545
MinimumVisualStudioVersion = 10.0.40219.1
Project("{FAE04EC0-301F-11D3-BF4B-00C04F79EFBC}") = "Federico_Gomez_Casting", "WindowsFormsApp2\Federico_Gomez_Casting.csproj", "{86BD6978-4E31-46B2-B91F-8AF2E6A2AC14}"
EndProject
Global
	GlobalSection(SolutionConfigurationPlatforms) = preSolution
		Debug|Any CPU = Debug|Any CPU
		Release|Any CPU = Release|Any CPU
	EndGlobalSection
	GlobalSection(ProjectConfigurationPlatforms) = postSolution
		{86BD6978-4E31-46B2-B91F-8AF2E6A2AC14}.Debug|Any CPU.ActiveCfg = Debug|Any CPU
		{86BD6978-4E31-46B2-B91F-8AF2E6A2AC14}.Debug|Any CPU.Build.0 = Debug|Any CPU
		{86BD6978-4E31-46B2-B91F-8AF2E6A2AC14}.Release|Any CPU.ActiveCfg = Release|Any CPU
		{86BD6978-4E31-46B2-B91F-8AF2E6A2AC14}.Release|Any CPU.Build.0 = Release|Any CPU
	EndGlobalSection
	GlobalSection(SolutionProperties) = preSolution
		HideSolutionNode = FALSE
	EndGlobalSection
	GlobalSection(ExtensibilityGlobals) = postSolution
		SolutionGuid = {BA805F20-6F09-40E3-A86B-2815038D56A6}
	EndGlobalSection
EndGlobal
